
Microsoft Visual Studio Solution File, Format Version 12.00
# Visual Studio Version 17
VisualStudioVersion = 17.5.33414.496
MinimumVisualStudioVersion = 10.0.40219.1
Project("{FAE04EC0-301F-11D3-BF4B-00C04F79EFBC}") = "tpmodul7_kelompok1", "tpmodul7_kelompok1\tpmodul7_kelompok1.csproj", "{11C0C845-507E-449D-BDDC-71403E177E59}"
EndProject
Global
	GlobalSection(SolutionConfigurationPlatforms) = preSolution
		Debug|Any CPU = Debug|Any CPU
		Release|Any CPU = Release|Any CPU
	EndGlobalSection
	GlobalSection(ProjectConfigurationPlatforms) = postSolution
		{11C0C845-507E-449D-BDDC-71403E177E59}.Debug|Any CPU.ActiveCfg = Debug|Any CPU
		{11C0C845-507E-449D-BDDC-71403E177E59}.Debug|Any CPU.Build.0 = Debug|Any CPU
		{11C0C845-507E-449D-BDDC-71403E177E59}.Release|Any CPU.ActiveCfg = Release|Any CPU
		{11C0C845-507E-449D-BDDC-71403E177E59}.Release|Any CPU.Build.0 = Release|Any CPU
	EndGlobalSection
	GlobalSection(SolutionProperties) = preSolution
		HideSolutionNode = FALSE
	EndGlobalSection
	GlobalSection(ExtensibilityGlobals) = postSolution
		SolutionGuid = {C6013258-B5D0-43AF-9C67-9BCCCBD6A43B}
	EndGlobalSection
EndGlobal
